{
  "name": "kube-observable",
  "version": "0.1.0",
  "lockfileVersion": 1,
  "requires": true,
  "dependencies": {
    "debug": {
      "version": "3.1.0",
      "resolved": "https://registry.npmjs.org/debug/-/debug-3.1.0.tgz",
      "integrity": "sha512-OX8XqP7/1a9cqkxYw2yXss15f26NKWBpDXQd0/uK/KPqdQhxbPa994hnzjcE2VqQpDslf55723cKPUOGSmMY3g==",
      "requires": {
        "ms": "2.0.0"
      }
    },
    "json-stream": {
      "version": "1.0.0",
      "resolved": "https://registry.npmjs.org/json-stream/-/json-stream-1.0.0.tgz",
      "integrity": "sha1-GjhU4o0rvuqzHMfd9oPS3cVlJwg="
    },
    "ms": {
      "version": "2.0.0",
      "resolved": "https://registry.npmjs.org/ms/-/ms-2.0.0.tgz",
      "integrity": "sha1-VgiurfwAvmwpAd9fmGF4jeDVl8g="
    },
    "nan": {
      "version": "1.4.3",
      "resolved": "https://registry.npmjs.org/nan/-/nan-1.4.3.tgz",
      "integrity": "sha1-xWtUBGmAY2lvWXQ1+RY8MSrqUAk="
    },
    "options": {
      "version": "0.0.6",
      "resolved": "https://registry.npmjs.org/options/-/options-0.0.6.tgz",
      "integrity": "sha1-7CLTEoBrtT5zF3Pnza788cZDEo8="
    },
    "revolt": {
      "version": "1.0.4",
      "resolved": "https://registry.npmjs.org/revolt/-/revolt-1.0.4.tgz",
      "integrity": "sha512-8no9aPM3/M1PtVtPf8c6NDdFMroMNe4SXagKTK2Qb6JMwRHisQm1gN75sAl4hRcMjjSgX4pmW4qYGN0ZsMx6zQ==",
      "requires": {
        "rxjs": "5.5.2",
        "ws": "0.5.0"
      }
    },
    "rxjs": {
      "version": "5.5.2",
      "resolved": "https://registry.npmjs.org/rxjs/-/rxjs-5.5.2.tgz",
      "integrity": "sha512-oRYoIKWBU3Ic37fLA5VJu31VqQO4bWubRntcHSJ+cwaDQBwdnZ9x4zmhJfm/nFQ2E82/I4loSioHnACamrKGgA==",
      "requires": {
        "symbol-observable": "1.0.4"
      }
    },
    "symbol-observable": {
      "version": "1.0.4",
      "resolved": "https://registry.npmjs.org/symbol-observable/-/symbol-observable-1.0.4.tgz",
      "integrity": "sha1-Kb9hXUqnEhvdiYsi1LP5vE4qoD0="
    },
    "ultron": {
      "version": "1.0.2",
      "resolved": "https://registry.npmjs.org/ultron/-/ultron-1.0.2.tgz",
      "integrity": "sha1-rOEWq1V80Zc4ak6I9GhTeMiy5Po="
    },
    "ws": {
      "version": "0.5.0",
      "resolved": "https://registry.npmjs.org/ws/-/ws-0.5.0.tgz",
      "integrity": "sha1-s5gDkdxHd9g5dHGKo2HoCNhs+co=",
      "requires": {
        "nan": "1.4.3",
        "options": "0.0.6",
        "ultron": "1.0.2"
      }
    }
  }
}
